{
  "name": "core",
  "version": "0.0.1",
  "lockfileVersion": 2,
  "requires": true,
  "packages": {
    "": {
      "name": "core",
      "version": "0.0.1",
      "license": "MIT",
      "dependencies": {
        "@gouvfr/dsfr": "^1.7.2",
        "@stencil/core": "^2.13.0"
      },
      "devDependencies": {
        "@stencil/sass": "^2.0.0",
        "@types/jest": "^27.0.3",
        "jest": "^27.4.5",
        "jest-cli": "^27.4.5",
        "puppeteer": "^10.0.0"
      }
    },
    "../../node_modules/.pnpm/@stencil+core@2.18.1/node_modules/@stencil/core": {
      "version": "2.18.1",
      "license": "MIT",
      "bin": {
        "stencil": "bin/stencil"
      },
      "devDependencies": {
        "@ionic/prettier-config": "^2.0.0",
        "@rollup/plugin-commonjs": "15.1.0",
        "@rollup/plugin-json": "4.1.0",
        "@rollup/plugin-node-resolve": "9.0.0",
        "@rollup/plugin-replace": "2.3.4",
        "@rollup/pluginutils": "4.1.0",
        "@types/eslint": "^8.4.6",
        "@types/exit": "^0.1.31",
        "@types/fs-extra": "^9.0.8",
        "@types/glob": "^8.0.0",
        "@types/graceful-fs": "^4.1.5",
        "@types/inquirer": "^7.3.1",
        "@types/jest": "^27.0.3",
        "@types/listr": "^0.14.4",
        "@types/node": "^14.14.35",
        "@types/parse5": "^6.0.0",
        "@types/pixelmatch": "^5.2.4",
        "@types/pngjs": "^3.4.2",
        "@types/prompts": "^2.0.9",
        "@types/semver": "^7.3.12",
        "@types/sizzle": "^2.3.2",
        "@types/webpack": "^4.41.26",
        "@types/ws": "^7.4.0",
        "@types/yarnpkg__lockfile": "^1.1.5",
        "@typescript-eslint/eslint-plugin": "^5.38.0",
        "@typescript-eslint/parser": "^5.38.0",
        "@yarnpkg/lockfile": "^1.1.0",
        "ansi-colors": "4.1.1",
        "autoprefixer": "10.2.5",
        "conventional-changelog-cli": "^2.2.2",
        "dts-bundle-generator": "~6.12.0",
        "eslint": "^8.23.1",
        "eslint-config-prettier": "^8.5.0",
        "eslint-plugin-jest": "^27.0.4",
        "eslint-plugin-jsdoc": "^39.3.1",
        "eslint-plugin-simple-import-sort": "^8.0.0",
        "execa": "4.1.0",
        "exit": "^0.1.2",
        "fs-extra": "^10.1.0",
        "glob": "8.0.3",
        "graceful-fs": "~4.2.6",
        "hash.js": "^1.1.7",
        "inquirer": "^7.3.3",
        "jest": "^27.4.5",
        "jest-cli": "^27.4.5",
        "jest-environment-node": "^27.4.4",
        "listr": "^0.14.3",
        "magic-string": "^0.26.3",
        "merge-source-map": "^1.1.0",
        "mime-db": "^1.46.0",
        "minimatch": "3.0.4",
        "node-fetch": "2.6.7",
        "open": "^8.4.0",
        "open-in-editor": "2.2.0",
        "parse5": "6.0.1",
        "path-browserify": "^1.0.1",
        "pixelmatch": "5.3.0",
        "postcss": "^8.2.8",
        "prettier": "2.7.1",
        "prompts": "2.4.0",
        "puppeteer": "~10.0.0",
        "rollup": "2.42.3",
        "rollup-plugin-sourcemaps": "^0.6.3",
        "semver": "^7.3.7",
        "sizzle": "^2.3.6",
        "terser": "5.6.1",
        "typescript": "4.7.4",
        "webpack": "^4.46.0",
        "ws": "7.4.6"
      },
      "engines": {
        "node": ">=12.10.0",
        "npm": ">=6.0.0"
      }
    },
    "../../node_modules/.pnpm/@types+jest@27.5.2/node_modules/@types/jest": {
      "version": "27.5.2",
      "dev": true,
      "license": "MIT",
      "dependencies": {
        "jest-matcher-utils": "^27.0.0",
        "pretty-format": "^27.0.0"
      }
    },
    "../../node_modules/.pnpm/jest-cli@27.5.1/node_modules/jest-cli": {
      "version": "27.5.1",
      "dev": true,
      "license": "MIT",
      "dependencies": {
        "@jest/core": "^27.5.1",
        "@jest/test-result": "^27.5.1",
        "@jest/types": "^27.5.1",
        "chalk": "^4.0.0",
        "exit": "^0.1.2",
        "graceful-fs": "^4.2.9",
        "import-local": "^3.0.2",
        "jest-config": "^27.5.1",
        "jest-util": "^27.5.1",
        "jest-validate": "^27.5.1",
        "prompts": "^2.0.1",
        "yargs": "^16.2.0"
      },
      "bin": {
        "jest": "bin/jest.js"
      },
      "devDependencies": {
        "@types/exit": "^0.1.30",
        "@types/graceful-fs": "^4.1.3",
        "@types/prompts": "^2.0.1",
        "@types/yargs": "^16.0.0"
      },
      "engines": {
        "node": "^10.13.0 || ^12.13.0 || ^14.15.0 || >=15.0.0"
      },
      "peerDependencies": {
        "node-notifier": "^8.0.1 || ^9.0.0 || ^10.0.0"
      },
      "peerDependenciesMeta": {
        "node-notifier": {
          "optional": true
        }
      }
    },
    "../../node_modules/.pnpm/jest@27.5.1/node_modules/jest": {
      "version": "27.5.1",
      "dev": true,
      "license": "MIT",
      "dependencies": {
        "@jest/core": "^27.5.1",
        "import-local": "^3.0.2",
        "jest-cli": "^27.5.1"
      },
      "bin": {
        "jest": "bin/jest.js"
      },
      "engines": {
        "node": "^10.13.0 || ^12.13.0 || ^14.15.0 || >=15.0.0"
      },
      "peerDependencies": {
        "node-notifier": "^8.0.1 || ^9.0.0 || ^10.0.0"
      },
      "peerDependenciesMeta": {
        "node-notifier": {
          "optional": true
        }
      }
    },
    "../../node_modules/.pnpm/puppeteer@10.4.0/node_modules/puppeteer": {
      "version": "10.4.0",
      "dev": true,
      "hasInstallScript": true,
      "license": "Apache-2.0",
      "dependencies": {
        "debug": "4.3.1",
        "devtools-protocol": "0.0.901419",
        "extract-zip": "2.0.1",
        "https-proxy-agent": "5.0.0",
        "node-fetch": "2.6.1",
        "pkg-dir": "4.2.0",
        "progress": "2.0.1",
        "proxy-from-env": "1.1.0",
        "rimraf": "3.0.2",
        "tar-fs": "2.0.0",
        "unbzip2-stream": "1.3.3",
        "ws": "7.4.6"
      },
      "devDependencies": {
        "@commitlint/cli": "11.0.0",
        "@commitlint/config-conventional": "11.0.0",
        "@microsoft/api-documenter": "7.13.8",
        "@microsoft/api-extractor": "7.15.1",
        "@types/debug": "0.0.31",
        "@types/mime": "2.0.3",
        "@types/mocha": "7.0.2",
        "@types/node": "14.14.45",
        "@types/proxy-from-env": "1.0.1",
        "@types/rimraf": "2.0.2",
        "@types/sinon": "9.0.11",
        "@types/tar-fs": "1.16.2",
        "@types/ws": "7.4.4",
        "@typescript-eslint/eslint-plugin": "4.23.0",
        "@typescript-eslint/parser": "4.23.0",
        "@web/test-runner": "0.12.20",
        "commonmark": "0.29.3",
        "cross-env": "7.0.3",
        "eslint": "7.26.0",
        "eslint-config-prettier": "8.3.0",
        "eslint-plugin-import": "2.22.1",
        "eslint-plugin-mocha": "8.1.0",
        "eslint-plugin-prettier": "3.4.0",
        "eslint-plugin-unicorn": "22.0.0",
        "esprima": "4.0.0",
        "expect": "25.2.7",
        "husky": "4.3.8",
        "jpeg-js": "0.3.7",
        "mime": "2.5.2",
        "minimist": "1.2.0",
        "mocha": "8.4.0",
        "ncp": "2.0.0",
        "pixelmatch": "4.0.2",
        "pngjs": "5.0.0",
        "prettier": "2.3.0",
        "sinon": "9.2.4",
        "source-map-support": "0.5.19",
        "standard-version": "9.3.0",
        "text-diff": "1.0.1",
        "ts-node": "9.1.1",
        "typescript": "4.2.4"
      },
      "engines": {
        "node": ">=10.18.1"
      }
    },
    "node_modules/@gouvfr/dsfr": {
      "version": "1.7.2",
      "resolved": "https://registry.npmjs.org/@gouvfr/dsfr/-/dsfr-1.7.2.tgz",
      "integrity": "sha512-hPNtz+gHcc8m7ZPANxSOFMz4Ap+M9FHOudqoMR/+Kjl5FCOqwA6u/aoYnMJ8KqedS1k5XThFMp7jiktr53qXYw==",
      "engines": {
        "node": ">=14.18.0"
      }
    },
    "node_modules/@stencil/core": {
      "resolved": "../../node_modules/.pnpm/@stencil+core@2.18.1/node_modules/@stencil/core",
      "link": true
    },
    "node_modules/@stencil/sass": {
      "version": "2.0.0",
      "resolved": "https://registry.npmjs.org/@stencil/sass/-/sass-2.0.0.tgz",
      "integrity": "sha512-Be7Tz7YJnMzloot0aG3m2wTVt9Dg0rjOU+ZVx49ts9+hyeW+NEmvSWPv6bhypblRXbSGik2Cc3AYboTma4Qpgg==",
      "dev": true,
      "peerDependencies": {
        "@stencil/core": ">=2.0.0"
      }
    },
    "node_modules/@types/jest": {
      "resolved": "../../node_modules/.pnpm/@types+jest@27.5.2/node_modules/@types/jest",
      "link": true
    },
    "node_modules/jest": {
      "resolved": "../../node_modules/.pnpm/jest@27.5.1/node_modules/jest",
      "link": true
    },
    "node_modules/jest-cli": {
      "resolved": "../../node_modules/.pnpm/jest-cli@27.5.1/node_modules/jest-cli",
      "link": true
    },
    "node_modules/puppeteer": {
      "resolved": "../../node_modules/.pnpm/puppeteer@10.4.0/node_modules/puppeteer",
      "link": true
    }
  },
  "dependencies": {
    "@gouvfr/dsfr": {
      "version": "1.7.2",
      "resolved": "https://registry.npmjs.org/@gouvfr/dsfr/-/dsfr-1.7.2.tgz",
      "integrity": "sha512-hPNtz+gHcc8m7ZPANxSOFMz4Ap+M9FHOudqoMR/+Kjl5FCOqwA6u/aoYnMJ8KqedS1k5XThFMp7jiktr53qXYw=="
    },
    "@stencil/core": {
      "version": "file:../../node_modules/.pnpm/@stencil+core@2.18.1/node_modules/@stencil/core",
      "requires": {
        "@ionic/prettier-config": "^2.0.0",
        "@rollup/plugin-commonjs": "15.1.0",
        "@rollup/plugin-json": "4.1.0",
        "@rollup/plugin-node-resolve": "9.0.0",
        "@rollup/plugin-replace": "2.3.4",
        "@rollup/pluginutils": "4.1.0",
        "@types/eslint": "^8.4.6",
        "@types/exit": "^0.1.31",
        "@types/fs-extra": "^9.0.8",
        "@types/glob": "^8.0.0",
        "@types/graceful-fs": "^4.1.5",
        "@types/inquirer": "^7.3.1",
        "@types/jest": "^27.0.3",
        "@types/listr": "^0.14.4",
        "@types/node": "^14.14.35",
        "@types/parse5": "^6.0.0",
        "@types/pixelmatch": "^5.2.4",
        "@types/pngjs": "^3.4.2",
        "@types/prompts": "^2.0.9",
        "@types/semver": "^7.3.12",
        "@types/sizzle": "^2.3.2",
        "@types/webpack": "^4.41.26",
        "@types/ws": "^7.4.0",
        "@types/yarnpkg__lockfile": "^1.1.5",
        "@typescript-eslint/eslint-plugin": "^5.38.0",
        "@typescript-eslint/parser": "^5.38.0",
        "@yarnpkg/lockfile": "^1.1.0",
        "ansi-colors": "4.1.1",
        "autoprefixer": "10.2.5",
        "conventional-changelog-cli": "^2.2.2",
        "dts-bundle-generator": "~6.12.0",
        "eslint": "^8.23.1",
        "eslint-config-prettier": "^8.5.0",
        "eslint-plugin-jest": "^27.0.4",
        "eslint-plugin-jsdoc": "^39.3.1",
        "eslint-plugin-simple-import-sort": "^8.0.0",
        "execa": "4.1.0",
        "exit": "^0.1.2",
        "fs-extra": "^10.1.0",
        "glob": "8.0.3",
        "graceful-fs": "~4.2.6",
        "hash.js": "^1.1.7",
        "inquirer": "^7.3.3",
        "jest": "^27.4.5",
        "jest-cli": "^27.4.5",
        "jest-environment-node": "^27.4.4",
        "listr": "^0.14.3",
        "magic-string": "^0.26.3",
        "merge-source-map": "^1.1.0",
        "mime-db": "^1.46.0",
        "minimatch": "3.0.4",
        "node-fetch": "2.6.7",
        "open": "^8.4.0",
        "open-in-editor": "2.2.0",
        "parse5": "6.0.1",
        "path-browserify": "^1.0.1",
        "pixelmatch": "5.3.0",
        "postcss": "^8.2.8",
        "prettier": "2.7.1",
        "prompts": "2.4.0",
        "puppeteer": "~10.0.0",
        "rollup": "2.42.3",
        "rollup-plugin-sourcemaps": "^0.6.3",
        "semver": "^7.3.7",
        "sizzle": "^2.3.6",
        "terser": "5.6.1",
        "typescript": "4.7.4",
        "webpack": "^4.46.0",
        "ws": "7.4.6"
      }
    },
    "@stencil/sass": {
      "version": "2.0.0",
      "resolved": "https://registry.npmjs.org/@stencil/sass/-/sass-2.0.0.tgz",
      "integrity": "sha512-Be7Tz7YJnMzloot0aG3m2wTVt9Dg0rjOU+ZVx49ts9+hyeW+NEmvSWPv6bhypblRXbSGik2Cc3AYboTma4Qpgg==",
      "dev": true,
      "requires": {}
    },
    "@types/jest": {
      "version": "file:../../node_modules/.pnpm/@types+jest@27.5.2/node_modules/@types/jest",
      "requires": {
        "jest-matcher-utils": "^27.0.0",
        "pretty-format": "^27.0.0"
      }
    },
    "jest": {
      "version": "file:../../node_modules/.pnpm/jest@27.5.1/node_modules/jest",
      "requires": {
        "@jest/core": "^27.5.1",
        "import-local": "^3.0.2",
        "jest-cli": "^27.5.1"
      }
    },
    "jest-cli": {
      "version": "file:../../node_modules/.pnpm/jest-cli@27.5.1/node_modules/jest-cli",
      "requires": {
        "@jest/core": "^27.5.1",
        "@jest/test-result": "^27.5.1",
        "@jest/types": "^27.5.1",
        "@types/exit": "^0.1.30",
        "@types/graceful-fs": "^4.1.3",
        "@types/prompts": "^2.0.1",
        "@types/yargs": "^16.0.0",
        "chalk": "^4.0.0",
        "exit": "^0.1.2",
        "graceful-fs": "^4.2.9",
        "import-local": "^3.0.2",
        "jest-config": "^27.5.1",
        "jest-util": "^27.5.1",
        "jest-validate": "^27.5.1",
        "prompts": "^2.0.1",
        "yargs": "^16.2.0"
      }
    },
    "puppeteer": {
      "version": "file:../../node_modules/.pnpm/puppeteer@10.4.0/node_modules/puppeteer",
      "requires": {
        "@commitlint/cli": "11.0.0",
        "@commitlint/config-conventional": "11.0.0",
        "@microsoft/api-documenter": "7.13.8",
        "@microsoft/api-extractor": "7.15.1",
        "@types/debug": "0.0.31",
        "@types/mime": "2.0.3",
        "@types/mocha": "7.0.2",
        "@types/node": "14.14.45",
        "@types/proxy-from-env": "1.0.1",
        "@types/rimraf": "2.0.2",
        "@types/sinon": "9.0.11",
        "@types/tar-fs": "1.16.2",
        "@types/ws": "7.4.4",
        "@typescript-eslint/eslint-plugin": "4.23.0",
        "@typescript-eslint/parser": "4.23.0",
        "@web/test-runner": "0.12.20",
        "commonmark": "0.29.3",
        "cross-env": "7.0.3",
        "debug": "4.3.1",
        "devtools-protocol": "0.0.901419",
        "eslint": "7.26.0",
        "eslint-config-prettier": "8.3.0",
        "eslint-plugin-import": "2.22.1",
        "eslint-plugin-mocha": "8.1.0",
        "eslint-plugin-prettier": "3.4.0",
        "eslint-plugin-unicorn": "22.0.0",
        "esprima": "4.0.0",
        "expect": "25.2.7",
        "extract-zip": "2.0.1",
        "https-proxy-agent": "5.0.0",
        "husky": "4.3.8",
        "jpeg-js": "0.3.7",
        "mime": "2.5.2",
        "minimist": "1.2.0",
        "mocha": "8.4.0",
        "ncp": "2.0.0",
        "node-fetch": "2.6.1",
        "pixelmatch": "4.0.2",
        "pkg-dir": "4.2.0",
        "pngjs": "5.0.0",
        "prettier": "2.3.0",
        "progress": "2.0.1",
        "proxy-from-env": "1.1.0",
        "rimraf": "3.0.2",
        "sinon": "9.2.4",
        "source-map-support": "0.5.19",
        "standard-version": "9.3.0",
        "tar-fs": "2.0.0",
        "text-diff": "1.0.1",
        "ts-node": "9.1.1",
        "typescript": "4.2.4",
        "unbzip2-stream": "1.3.3",
        "ws": "7.4.6"
      }
    }
  }
}
